
Microsoft Visual Studio Solution File, Format Version 12.00
# Visual Studio Version 18
VisualStudioVersion = 18.5.11723.231 stable
MinimumVisualStudioVersion = 10.0.40219.1
Project("{FAE04EC0-301F-11D3-BF4B-00C04F79EFBC}") = "WClouds_WPF", "WClouds_WPF\WClouds_WPF.csproj", "{B2870DBC-05A6-48C4-9117-80870E216B69}"
EndProject
Project("{FAE04EC0-301F-11D3-BF4B-00C04F79EFBC}") = "Test", "Test\Test.csproj", "{0201E8AB-5AE5-440B-9D41-10384651B9A3}"
EndProject
Project("{FAE04EC0-301F-11D3-BF4B-00C04F79EFBC}") = "WCloudsSync", "WCloudsSync\WCloudsSync.csproj", "{C1D2E3F4-A5B6-7890-CDEF-012345678901}"
EndProject
Global
	GlobalSection(SolutionConfigurationPlatforms) = preSolution
		Debug|Any CPU = Debug|Any CPU
		Release|Any CPU = Release|Any CPU
	EndGlobalSection
	GlobalSection(ProjectConfigurationPlatforms) = postSolution
		{B2870DBC-05A6-48C4-9117-80870E216B69}.Debug|Any CPU.ActiveCfg = Debug|Any CPU
		{B2870DBC-05A6-48C4-9117-80870E216B69}.Debug|Any CPU.Build.0 = Debug|Any CPU
		{B2870DBC-05A6-48C4-9117-80870E216B69}.Release|Any CPU.ActiveCfg = Release|Any CPU
		{B2870DBC-05A6-48C4-9117-80870E216B69}.Release|Any CPU.Build.0 = Release|Any CPU
		{0201E8AB-5AE5-440B-9D41-10384651B9A3}.Debug|Any CPU.ActiveCfg = Debug|Any CPU
		{0201E8AB-5AE5-440B-9D41-10384651B9A3}.Debug|Any CPU.Build.0 = Debug|Any CPU
		{0201E8AB-5AE5-440B-9D41-10384651B9A3}.Release|Any CPU.ActiveCfg = Release|Any CPU
		{0201E8AB-5AE5-440B-9D41-10384651B9A3}.Release|Any CPU.Build.0 = Release|Any CPU
		{C1D2E3F4-A5B6-7890-CDEF-012345678901}.Debug|Any CPU.ActiveCfg = Debug|Any CPU
		{C1D2E3F4-A5B6-7890-CDEF-012345678901}.Debug|Any CPU.Build.0 = Debug|Any CPU
		{C1D2E3F4-A5B6-7890-CDEF-012345678901}.Release|Any CPU.ActiveCfg = Release|Any CPU
		{C1D2E3F4-A5B6-7890-CDEF-012345678901}.Release|Any CPU.Build.0 = Release|Any CPU
	EndGlobalSection
	GlobalSection(SolutionProperties) = preSolution
		HideSolutionNode = FALSE
	EndGlobalSection
	GlobalSection(ExtensibilityGlobals) = postSolution
		SolutionGuid = {EBDCC908-C2E3-4A09-B31E-CB5DE4EC8E61}
	EndGlobalSection
EndGlobal
